// !$*UTF8*$!
{
	archiveVersion = 1;
	classes = {
	};
	objectVersion = 50;
	objects = {

/* Begin PBXBuildFile section */
		3A2EE13F22AD170B00346B95 /* AppDelegate.swift in Sources */ = {isa = PBXBuildFile; fileRef = 3A2EE13E22AD170B00346B95 /* AppDelegate.swift */; };
		3A2EE14122AD170B00346B95 /* SceneDelegate.swift in Sources */ = {isa = PBXBuildFile; fileRef = 3A2EE14022AD170B00346B95 /* SceneDelegate.swift */; };
		3A2EE14322AD170B00346B95 /* ContentView.swift in Sources */ = {isa = PBXBuildFile; fileRef = 3A2EE14222AD170B00346B95 /* ContentView.swift */; };
		3A2EE14522AD170C00346B95 /* Assets.xcassets in Resources */ = {isa = PBXBuildFile; fileRef = 3A2EE14422AD170C00346B95 /* Assets.xcassets */; };
		3A2EE14822AD170C00346B95 /* Preview Assets.xcassets in Resources */ = {isa = PBXBuildFile; fileRef = 3A2EE14722AD170C00346B95 /* Preview Assets.xcassets */; };
		3A2EE14B22AD170C00346B95 /* LaunchScreen.storyboard in Resources */ = {isa = PBXBuildFile; fileRef = 3A2EE14922AD170C00346B95 /* LaunchScreen.storyboard */; };
		3A2EE15622AD170C00346B95 /* SwiftUISampleTests.swift in Sources */ = {isa = PBXBuildFile; fileRef = 3A2EE15522AD170C00346B95 /* SwiftUISampleTests.swift */; };
/* End PBXBuildFile section */

/* Begin PBXContainerItemProxy section */
		3A2EE15222AD170C00346B95 /* PBXContainerItemProxy */ = {
			isa = PBXContainerItemProxy;
			containerPortal = 3A2EE13322AD170B00346B95 /* Project object */;
			proxyType = 1;
			remoteGlobalIDString = 3A2EE13A22AD170B00346B95;
			remoteInfo = SwiftUISample;
		};
/* End PBXContainerItemProxy section */

/* Begin PBXFileReference section */
		3A2EE13B22AD170B00346B95 /* SwiftUISample.app */ = {isa = PBXFileReference; explicitFileType = wrapper.application; includeInIndex = 0; path = SwiftUISample.app; sourceTree = BUILT_PRODUCTS_DIR; };
		3A2EE13E22AD170B00346B95 /* AppDelegate.swift */ = {isa = PBXFileReference; lastKnownFileType = sourcecode.swift; path = AppDelegate.swift; sourceTree = "<group>"; };
		3A2EE14022AD170B00346B95 /* SceneDelegate.swift */ = {isa = PBXFileReference; lastKnownFileType = sourcecode.swift; path = SceneDelegate.swift; sourceTree = "<group>"; };
		3A2EE14222AD170B00346B95 /* ContentView.swift */ = {isa = PBXFileReference; lastKnownFileType = sourcecode.swift; path = ContentView.swift; sourceTree = "<group>"; };
		3A2EE14422AD170C00346B95 /* Assets.xcassets */ = {isa = PBXFileReference; lastKnownFileType = folder.assetcatalog; path = Assets.xcassets; sourceTree = "<group>"; };
		3A2EE14722AD170C00346B95 /* Preview Assets.xcassets */ = {isa = PBXFileReference; lastKnownFileType = folder.assetcatalog; path = "Preview Assets.xcassets"; sourceTree = "<group>"; };
		3A2EE14A22AD170C00346B95 /* Base */ = {isa = PBXFileReference; lastKnownFileType = file.storyboard; name = Base; path = Base.lproj/LaunchScreen.storyboard; sourceTree = "<group>"; };
		3A2EE14C22AD170C00346B95 /* Info.plist */ = {isa = PBXFileReference; lastKnownFileType = text.plist.xml; path = Info.plist; sourceTree = "<group>"; };
		3A2EE15122AD170C00346B95 /* SwiftUISampleTests.xctest */ = {isa = PBXFileReference; explicitFileType = wrapper.cfbundle; includeInIndex = 0; path = SwiftUISampleTests.xctest; sourceTree = BUILT_PRODUCTS_DIR; };
		3A2EE15522AD170C00346B95 /* SwiftUISampleTests.swift */ = {isa = PBXFileReference; lastKnownFileType = sourcecode.swift; path = SwiftUISampleTests.swift; sourceTree = "<group>"; };
		3A2EE15722AD170C00346B95 /* Info.plist */ = {isa = PBXFileReference; lastKnownFileType = text.plist.xml; path = Info.plist; sourceTree = "<group>"; };
/* End PBXFileReference section */

/* Begin PBXFrameworksBuildPhase section */
		3A2EE13822AD170B00346B95 /* Frameworks */ = {
			isa = PBXFrameworksBuildPhase;
			buildActionMask = 2147483647;
			files = (
			);
			runOnlyForDeploymentPostprocessing = 0;
		};
		3A2EE14E22AD170C00346B95 /* Frameworks */ = {
			isa = PBXFrameworksBuildPhase;
			buildActionMask = 2147483647;
			files = (
			);
			runOnlyForDeploymentPostprocessing = 0;
		};
/* End PBXFrameworksBuildPhase section */

/* Begin PBXGroup section */
		3A2EE13222AD170B00346B95 = {
			isa = PBXGroup;
			children = (
				3A2EE13D22AD170B00346B95 /* SwiftUISample */,
				3A2EE15422AD170C00346B95 /* SwiftUISampleTests */,
				3A2EE13C22AD170B00346B95 /* Products */,
			);
			sourceTree = "<group>";
		};
		3A2EE13C22AD170B00346B95 /* Products */ = {
			isa = PBXGroup;
			children = (
				3A2EE13B22AD170B00346B95 /* SwiftUISample.app */,
				3A2EE15122AD170C00346B95 /* SwiftUISampleTests.xctest */,
			);
			name = Products;
			sourceTree = "<group>";
		};
		3A2EE13D22AD170B00346B95 /* SwiftUISample */ = {
			isa = PBXGroup;
			children = (
				3A2EE13E22AD170B00346B95 /* AppDelegate.swift */,
				3A2EE14022AD170B00346B95 /* SceneDelegate.swift */,
				3A2EE14222AD170B00346B95 /* ContentView.swift */,
				3A2EE14422AD170C00346B95 /* Assets.xcassets */,
				3A2EE14922AD170C00346B95 /* LaunchScreen.storyboard */,
				3A2EE14C22AD170C00346B95 /* Info.plist */,
				3A2EE14622AD170C00346B95 /* Preview Content */,
			);
			path = SwiftUISample;
			sourceTree = "<group>";
		};
		3A2EE14622AD170C00346B95 /* Preview Content */ = {
			isa = PBXGroup;
			children = (
				3A2EE14722AD170C00346B95 /* Preview Assets.xcassets */,
			);
			path = "Preview Content";
			sourceTree = "<group>";
		};
		3A2EE15422AD170C00346B95 /* SwiftUISampleTests */ = {
			isa = PBXGroup;
			children = (
				3A2EE15522AD170C00346B95 /* SwiftUISampleTests.swift */,
				3A2EE15722AD170C00346B95 /* Info.plist */,
			);
			path = SwiftUISampleTests;
			sourceTree = "<group>";
		};
/* End PBXGroup section */

/* Begin PBXNativeTarget section */
		3A2EE13A22AD170B00346B95 /* SwiftUISample */ = {
			isa = PBXNativeTarget;
			buildConfigurationList = 3A2EE15A22AD170C00346B95 /* Build configuration list for PBXNativeTarget "SwiftUISample" */;
			buildPhases = (
				3A2EE13722AD170B00346B95 /* Sources */,
				3A2EE13822AD170B00346B95 /* Frameworks */,
				3A2EE13922AD170B00346B95 /* Resources */,
			);
			buildRules = (
			);
			dependencies = (
			);
			name = SwiftUISample;
			productName = SwiftUISample;
			productReference = 3A2EE13B22AD170B00346B95 /* SwiftUISample.app */;
			productType = "com.apple.product-type.application";
		};
		3A2EE15022AD170C00346B95 /* SwiftUISampleTests */ = {
			isa = PBXNativeTarget;
			buildConfigurationList = 3A2EE15D22AD170C00346B95 /* Build configuration list for PBXNativeTarget "SwiftUISampleTests" */;
			buildPhases = (
				3A2EE14D22AD170C00346B95 /* Sources */,
				3A2EE14E22AD170C00346B95 /* Frameworks */,
				3A2EE14F22AD170C00346B95 /* Resources */,
			);
			buildRules = (
			);
			dependencies = (
				3A2EE15322AD170C00346B95 /* PBXTargetDependency */,
			);
			name = SwiftUISampleTests;
			productName = SwiftUISampleTests;
			productReference = 3A2EE15122AD170C00346B95 /* SwiftUISampleTests.xctest */;
			productType = "com.apple.product-type.bundle.unit-test";
		};
/* End PBXNativeTarget section */

/* Begin PBXProject section */
		3A2EE13322AD170B00346B95 /* Project object */ = {
			isa = PBXProject;
			attributes = {
				LastSwiftUpdateCheck = 1100;
				LastUpgradeCheck = 1100;
				ORGANIZATIONNAME = "Shogo Sakaue";
				TargetAttributes = {
					3A2EE13A22AD170B00346B95 = {
						CreatedOnToolsVersion = 11.0;
					};
					3A2EE15022AD170C00346B95 = {
						CreatedOnToolsVersion = 11.0;
						TestTargetID = 3A2EE13A22AD170B00346B95;
					};
				};
			};
			buildConfigurationList = 3A2EE13622AD170B00346B95 /* Build configuration list for PBXProject "SwiftUISample" */;
			compatibilityVersion = "Xcode 9.3";
			developmentRegion = en;
			hasScannedForEncodings = 0;
			knownRegions = (
				en,
				Base,
			);
			mainGroup = 3A2EE13222AD170B00346B95;
			productRefGroup = 3A2EE13C22AD170B00346B95 /* Products */;
			projectDirPath = "";
			projectRoot = "";
			targets = (
				3A2EE13A22AD170B00346B95 /* SwiftUISample */,
				3A2EE15022AD170C00346B95 /* SwiftUISampleTests */,
			);
		};
/* End PBXProject section */

/* Begin PBXResourcesBuildPhase section */
		3A2EE13922AD170B00346B95 /* Resources */ = {
			isa = PBXResourcesBuildPhase;
			buildActionMask = 2147483647;
			files = (
				3A2EE14B22AD170C00346B95 /* LaunchScreen.storyboard in Resources */,
				3A2EE14822AD170C00346B95 /* Preview Assets.xcassets in Resources */,
				3A2EE14522AD170C00346B95 /* Assets.xcassets in Resources */,
			);
			runOnlyForDeploymentPostprocessing = 0;
		};
		3A2EE14F22AD170C00346B95 /* Resources */ = {
			isa = PBXResourcesBuildPhase;
			buildActionMask = 2147483647;
			files = (
			);
			runOnlyForDeploymentPostprocessing = 0;
		};
/* End PBXResourcesBuildPhase section */

/* Begin PBXSourcesBuildPhase section */
		3A2EE13722AD170B00346B95 /* Sources */ = {
			isa = PBXSourcesBuildPhase;
			buildActionMask = 2147483647;
			files = (
				3A2EE13F22AD170B00346B95 /* AppDelegate.swift in Sources */,
				3A2EE14122AD170B00346B95 /* SceneDelegate.swift in Sources */,
				3A2EE14322AD170B00346B95 /* ContentView.swift in Sources */,
			);
			runOnlyForDeploymentPostprocessing = 0;
		};
		3A2EE14D22AD170C00346B95 /* Sources */ = {
			isa = PBXSourcesBuildPhase;
			buildActionMask = 2147483647;
			files = (
				3A2EE15622AD170C00346B95 /* SwiftUISampleTests.swift in Sources */,
			);
			runOnlyForDeploymentPostprocessing = 0;
		};
/* End PBXSourcesBuildPhase section */

/* Begin PBXTargetDependency section */
		3A2EE15322AD170C00346B95 /* PBXTargetDependency */ = {
			isa = PBXTargetDependency;
			target = 3A2EE13A22AD170B00346B95 /* SwiftUISample */;
			targetProxy = 3A2EE15222AD170C00346B95 /* PBXContainerItemProxy */;
		};
/* End PBXTargetDependency section */

/* Begin PBXVariantGroup section */
		3A2EE14922AD170C00346B95 /* LaunchScreen.storyboard */ = {
			isa = PBXVariantGroup;
			children = (
				3A2EE14A22AD170C00346B95 /* Base */,
			);
			name = LaunchScreen.storyboard;
			sourceTree = "<group>";
		};
/* End PBXVariantGroup section */

/* Begin XCBuildConfiguration section */
		3A2EE15822AD170C00346B95 /* Debug */ = {
			isa = XCBuildConfiguration;
			buildSettings = {
				ALWAYS_SEARCH_USER_PATHS = NO;
				CLANG_ANALYZER_NONNULL = YES;
				CLANG_ANALYZER_NUMBER_OBJECT_CONVERSION = YES_AGGRESSIVE;
				CLANG_CXX_LANGUAGE_STANDARD = "gnu++14";
				CLANG_CXX_LIBRARY = "libc++";
				CLANG_ENABLE_MODULES = YES;
				CLANG_ENABLE_OBJC_ARC = YES;
				CLANG_ENABLE_OBJC_WEAK = YES;
				CLANG_WARN_BLOCK_CAPTURE_AUTORELEASING = YES;
				CLANG_WARN_BOOL_CONVERSION = YES;
				CLANG_WARN_COMMA = YES;
				CLANG_WARN_CONSTANT_CONVERSION = YES;
				CLANG_WARN_DEPRECATED_OBJC_IMPLEMENTATIONS = YES;
				CLANG_WARN_DIRECT_OBJC_ISA_USAGE = YES_ERROR;
				CLANG_WARN_DOCUMENTATION_COMMENTS = YES;
				CLANG_WARN_EMPTY_BODY = YES;
				CLANG_WARN_ENUM_CONVERSION = YES;
				CLANG_WARN_INFINITE_RECURSION = YES;
				CLANG_WARN_INT_CONVERSION = YES;
				CLANG_WARN_NON_LITERAL_NULL_CONVERSION = YES;
				CLANG_WARN_OBJC_IMPLICIT_RETAIN_SELF = YES;
				CLANG_WARN_OBJC_LITERAL_CONVERSION = YES;
				CLANG_WARN_OBJC_ROOT_CLASS = YES_ERROR;
				CLANG_WARN_RANGE_LOOP_ANALYSIS = YES;
				CLANG_WARN_STRICT_PROTOTYPES = YES;
				CLANG_WARN_SUSPICIOUS_MOVE = YES;
				CLANG_WARN_UNGUARDED_AVAILABILITY = YES_AGGRESSIVE;
				CLANG_WARN_UNREACHABLE_CODE = YES;
				CLANG_WARN__DUPLICATE_METHOD_MATCH = YES;
				COPY_PHASE_STRIP = NO;
				DEBUG_INFORMATION_FORMAT = dwarf;
				ENABLE_STRICT_OBJC_MSGSEND = YES;
				ENABLE_TESTABILITY = YES;
				GCC_C_LANGUAGE_STANDARD = gnu11;
				GCC_DYNAMIC_NO_PIC = NO;
				GCC_NO_COMMON_BLOCKS = YES;
				GCC_OPTIMIZATION_LEVEL = 0;
				GCC_PREPROCESSOR_DEFINITIONS = (
					"DEBUG=1",
					"$(inherited)",
				);
				GCC_WARN_64_TO_32_BIT_CONVERSION = YES;
				GCC_WARN_ABOUT_RETURN_TYPE = YES_ERROR;
				GCC_WARN_UNDECLARED_SELECTOR = YES;
				GCC_WARN_UNINITIALIZED_AUTOS = YES_AGGRESSIVE;
				GCC_WARN_UNUSED_FUNCTION = YES;
				GCC_WARN_UNUSED_VARIABLE = YES;
				IPHONEOS_DEPLOYMENT_TARGET = 13.0;
				MTL_ENABLE_DEBUG_INFO = INCLUDE_SOURCE;
				MTL_FAST_MATH = YES;
				ONLY_ACTIVE_ARCH = YES;
				SDKROOT = iphoneos;
				SWIFT_ACTIVE_COMPILATION_CONDITIONS = DEBUG;
				SWIFT_OPTIMIZATION_LEVEL = "-Onone";
			};
			name = Debug;
		};
		3A2EE15922AD170C00346B95 /* Release */ = {
			isa = XCBuildConfiguration;
			buildSettings = {
				ALWAYS_SEARCH_USER_PATHS = NO;
				CLANG_ANALYZER_NONNULL = YES;
				CLANG_ANALYZER_NUMBER_OBJECT_CONVERSION = YES_AGGRESSIVE;
				CLANG_CXX_LANGUAGE_STANDARD = "gnu++14";
				CLANG_CXX_LIBRARY = "libc++";
				CLANG_ENABLE_MODULES = YES;
				CLANG_ENABLE_OBJC_ARC = YES;
				CLANG_ENABLE_OBJC_WEAK = YES;
				CLANG_WARN_BLOCK_CAPTURE_AUTORELEASING = YES;
				CLANG_WARN_BOOL_CONVERSION = YES;
				CLANG_WARN_COMMA = YES;
				CLANG_WARN_CONSTANT_CONVERSION = YES;
				CLANG_WARN_DEPRECATED_OBJC_IMPLEMENTATIONS = YES;
				CLANG_WARN_DIRECT_OBJC_ISA_USAGE = YES_ERROR;
				CLANG_WARN_DOCUMENTATION_COMMENTS = YES;
				CLANG_WARN_EMPTY_BODY = YES;
				CLANG_WARN_ENUM_CONVERSION = YES;
				CLANG_WARN_INFINITE_RECURSION = YES;
				CLANG_WARN_INT_CONVERSION = YES;
				CLANG_WARN_NON_LITERAL_NULL_CONVERSION = YES;
				CLANG_WARN_OBJC_IMPLICIT_RETAIN_SELF = YES;
				CLANG_WARN_OBJC_LITERAL_CONVERSION = YES;
				CLANG_WARN_OBJC_ROOT_CLASS = YES_ERROR;
				CLANG_WARN_RANGE_LOOP_ANALYSIS = YES;
				CLANG_WARN_STRICT_PROTOTYPES = YES;
				CLANG_WARN_SUSPICIOUS_MOVE = YES;
				CLANG_WARN_UNGUARDED_AVAILABILITY = YES_AGGRESSIVE;
				CLANG_WARN_UNREACHABLE_CODE = YES;
				CLANG_WARN__DUPLICATE_METHOD_MATCH = YES;
				COPY_PHASE_STRIP = NO;
				DEBUG_INFORMATION_FORMAT = "dwarf-with-dsym";
				ENABLE_NS_ASSERTIONS = NO;
				ENABLE_STRICT_OBJC_MSGSEND = YES;
				GCC_C_LANGUAGE_STANDARD = gnu11;
				GCC_NO_COMMON_BLOCKS = YES;
				GCC_WARN_64_TO_32_BIT_CONVERSION = YES;
				GCC_WARN_ABOUT_RETURN_TYPE = YES_ERROR;
				GCC_WARN_UNDECLARED_SELECTOR = YES;
				GCC_WARN_UNINITIALIZED_AUTOS = YES_AGGRESSIVE;
				GCC_WARN_UNUSED_FUNCTION = YES;
				GCC_WARN_UNUSED_VARIABLE = YES;
				IPHONEOS_DEPLOYMENT_TARGET = 13.0;
				MTL_ENABLE_DEBUG_INFO = NO;
				MTL_FAST_MATH = YES;
				SDKROOT = iphoneos;
				SWIFT_COMPILATION_MODE = wholemodule;
				SWIFT_OPTIMIZATION_LEVEL = "-O";
				VALIDATE_PRODUCT = YES;
			};
			name = Release;
		};
		3A2EE15B22AD170C00346B95 /* Debug */ = {
			isa = XCBuildConfiguration;
			buildSettings = {
				ASSETCATALOG_COMPILER_APPICON_NAME = AppIcon;
				CODE_SIGN_STYLE = Automatic;
				DEVELOPMENT_ASSET_PATHS = "SwiftUISample/Preview\\ Content";
				DEVELOPMENT_TEAM = 35T2DQ975S;
				ENABLE_PREVIEWS = YES;
				INFOPLIST_FILE = SwiftUISample/Info.plist;
				LD_RUNPATH_SEARCH_PATHS = (
					"$(inherited)",
					"@executable_path/Frameworks",
				);
				PRODUCT_BUNDLE_IDENTIFIER = tosaka.net.SwiftUISample;
				PRODUCT_NAME = "$(TARGET_NAME)";
				SWIFT_VERSION = 5.0;
				TARGETED_DEVICE_FAMILY = "1,2";
			};
			name = Debug;
		};
		3A2EE15C22AD170C00346B95 /* Release */ = {
			isa = XCBuildConfiguration;
			buildSettings = {
				ASSETCATALOG_COMPILER_APPICON_NAME = AppIcon;
				CODE_SIGN_STYLE = Automatic;
				DEVELOPMENT_ASSET_PATHS = "SwiftUISample/Preview\\ Content";
				DEVELOPMENT_TEAM = 35T2DQ975S;
				ENABLE_PREVIEWS = YES;
				INFOPLIST_FILE = SwiftUISample/Info.plist;
				LD_RUNPATH_SEARCH_PATHS = (
					"$(inherited)",
					"@executable_path/Frameworks",
				);
				PRODUCT_BUNDLE_IDENTIFIER = tosaka.net.SwiftUISample;
				PRODUCT_NAME = "$(TARGET_NAME)";
				SWIFT_VERSION = 5.0;
				TARGETED_DEVICE_FAMILY = "1,2";
			};
			name = Release;
		};
		3A2EE15E22AD170C00346B95 /* Debug */ = {
			isa = XCBuildConfiguration;
			buildSettings = {
				ALWAYS_EMBED_SWIFT_STANDARD_LIBRARIES = YES;
				BUNDLE_LOADER = "$(TEST_HOST)";
				CODE_SIGN_STYLE = Automatic;
				DEVELOPMENT_TEAM = 35T2DQ975S;
				INFOPLIST_FILE = SwiftUISampleTests/Info.plist;
				LD_RUNPATH_SEARCH_PATHS = (
					"$(inherited)",
					"@executable_path/Frameworks",
					"@loader_path/Frameworks",
				);
				PRODUCT_BUNDLE_IDENTIFIER = tosaka.net.SwiftUISampleTests;
				PRODUCT_NAME = "$(TARGET_NAME)";
				SWIFT_VERSION = 5.0;
				TARGETED_DEVICE_FAMILY = "1,2";
				TEST_HOST = "$(BUILT_PRODUCTS_DIR)/SwiftUISample.app/SwiftUISample";
			};
			name = Debug;
		};
		3A2EE15F22AD170C00346B95 /* Release */ = {
			isa = XCBuildConfiguration;
			buildSettings = {
				ALWAYS_EMBED_SWIFT_STANDARD_LIBRARIES = YES;
				BUNDLE_LOADER = "$(TEST_HOST)";
				CODE_SIGN_STYLE = Automatic;
				DEVELOPMENT_TEAM = 35T2DQ975S;
				INFOPLIST_FILE = SwiftUISampleTests/Info.plist;
				LD_RUNPATH_SEARCH_PATHS = (
					"$(inherited)",
					"@executable_path/Frameworks",
					"@loader_path/Frameworks",
				);
				PRODUCT_BUNDLE_IDENTIFIER = tosaka.net.SwiftUISampleTests;
				PRODUCT_NAME = "$(TARGET_NAME)";
				SWIFT_VERSION = 5.0;
				TARGETED_DEVICE_FAMILY = "1,2";
				TEST_HOST = "$(BUILT_PRODUCTS_DIR)/SwiftUISample.app/SwiftUISample";
			};
			name = Release;
		};
/* End XCBuildConfiguration section */

/* Begin XCConfigurationList section */
		3A2EE13622AD170B00346B95 /* Build configuration list for PBXProject "SwiftUISample" */ = {
			isa = XCConfigurationList;
			buildConfigurations = (
				3A2EE15822AD170C00346B95 /* Debug */,
				3A2EE15922AD170C00346B95 /* Release */,
			);
			defaultConfigurationIsVisible = 0;
			defaultConfigurationName = Release;
		};
		3A2EE15A22AD170C00346B95 /* Build configuration list for PBXNativeTarget "SwiftUISample" */ = {
			isa = XCConfigurationList;
			buildConfigurations = (
				3A2EE15B22AD170C00346B95 /* Debug */,
				3A2EE15C22AD170C00346B95 /* Release */,
			);
			defaultConfigurationIsVisible = 0;
			defaultConfigurationName = Release;
		};
		3A2EE15D22AD170C00346B95 /* Build configuration list for PBXNativeTarget "SwiftUISampleTests" */ = {
			isa = XCConfigurationList;
			buildConfigurations = (
				3A2EE15E22AD170C00346B95 /* Debug */,
				3A2EE15F22AD170C00346B95 /* Release */,
			);
			defaultConfigurationIsVisible = 0;
			defaultConfigurationName = Release;
		};
/* End XCConfigurationList section */
	};
	rootObject = 3A2EE13322AD170B00346B95 /* Project object */;
}
